// !$*UTF8*$!
{
	archiveVersion = 1;
	classes = {
	};
	objectVersion = 50;
	objects = {

/* Begin PBXBuildFile section */
		1F5A524221469E92007D039C /* PageContentView.swift in Sources */ = {isa = PBXBuildFile; fileRef = 1F5A524121469E92007D039C /* PageContentView.swift */; };
		1F5A52442146A148007D039C /* UIColor-Extension.swift in Sources */ = {isa = PBXBuildFile; fileRef = 1F5A52432146A148007D039C /* UIColor-Extension.swift */; };
		F93994FA213EBE0000C02CA4 /* Main.storyboard in Resources */ = {isa = PBXBuildFile; fileRef = F93994F8213EBDFF00C02CA4 /* Main.storyboard */; };
		F939950B213EC2B900C02CA4 /* HomeViewController.swift in Sources */ = {isa = PBXBuildFile; fileRef = F939950A213EC2B900C02CA4 /* HomeViewController.swift */; };
		F9399510213EC9EC00C02CA4 /* UIBarButtonItem-Extension.swift in Sources */ = {isa = PBXBuildFile; fileRef = F939950F213EC9EC00C02CA4 /* UIBarButtonItem-Extension.swift */; };
		F93995122140235700C02CA4 /* PageTitleView.swift in Sources */ = {isa = PBXBuildFile; fileRef = F93995112140235700C02CA4 /* PageTitleView.swift */; };
		F9399514214026F000C02CA4 /* Constant-UI.swift in Sources */ = {isa = PBXBuildFile; fileRef = F9399513214026F000C02CA4 /* Constant-UI.swift */; };
		F9CA46A8210F4C5A00D8AEA7 /* AppDelegate.swift in Sources */ = {isa = PBXBuildFile; fileRef = F9CA46A7210F4C5A00D8AEA7 /* AppDelegate.swift */; };
		F9CA46AF210F4C5D00D8AEA7 /* Assets.xcassets in Resources */ = {isa = PBXBuildFile; fileRef = F9CA46AE210F4C5D00D8AEA7 /* Assets.xcassets */; };
		F9CA46B2210F4C5D00D8AEA7 /* LaunchScreen.storyboard in Resources */ = {isa = PBXBuildFile; fileRef = F9CA46B0210F4C5D00D8AEA7 /* LaunchScreen.storyboard */; };
		F9CA46BD210F4C5D00D8AEA7 /* DouYuTests.swift in Sources */ = {isa = PBXBuildFile; fileRef = F9CA46BC210F4C5D00D8AEA7 /* DouYuTests.swift */; };
		F9CA46C8210F4C5D00D8AEA7 /* DouYuUITests.swift in Sources */ = {isa = PBXBuildFile; fileRef = F9CA46C7210F4C5D00D8AEA7 /* DouYuUITests.swift */; };
		F9CA46DD210F5E9700D8AEA7 /* Home.storyboard in Resources */ = {isa = PBXBuildFile; fileRef = F9CA46DC210F5E9700D8AEA7 /* Home.storyboard */; };
		F9CA46DF210F5EC600D8AEA7 /* Live.storyboard in Resources */ = {isa = PBXBuildFile; fileRef = F9CA46DE210F5EC600D8AEA7 /* Live.storyboard */; };
		F9CA46E1210F5F0C00D8AEA7 /* Follow.storyboard in Resources */ = {isa = PBXBuildFile; fileRef = F9CA46E0210F5F0C00D8AEA7 /* Follow.storyboard */; };
		F9CA46E3210F5F3800D8AEA7 /* Profile.storyboard in Resources */ = {isa = PBXBuildFile; fileRef = F9CA46E2210F5F3800D8AEA7 /* Profile.storyboard */; };
		F9CA46E5210F608100D8AEA7 /* MainViewController.swift in Sources */ = {isa = PBXBuildFile; fileRef = F9CA46E4210F608100D8AEA7 /* MainViewController.swift */; };
/* End PBXBuildFile section */

/* Begin PBXContainerItemProxy section */
		F9CA46B9210F4C5D00D8AEA7 /* PBXContainerItemProxy */ = {
			isa = PBXContainerItemProxy;
			containerPortal = F9CA469C210F4C5A00D8AEA7 /* Project object */;
			proxyType = 1;
			remoteGlobalIDString = F9CA46A3210F4C5A00D8AEA7;
			remoteInfo = DouYu;
		};
		F9CA46C4210F4C5D00D8AEA7 /* PBXContainerItemProxy */ = {
			isa = PBXContainerItemProxy;
			containerPortal = F9CA469C210F4C5A00D8AEA7 /* Project object */;
			proxyType = 1;
			remoteGlobalIDString = F9CA46A3210F4C5A00D8AEA7;
			remoteInfo = DouYu;
		};
/* End PBXContainerItemProxy section */

/* Begin PBXFileReference section */
		1F5A524121469E92007D039C /* PageContentView.swift */ = {isa = PBXFileReference; lastKnownFileType = sourcecode.swift; path = PageContentView.swift; sourceTree = "<group>"; };
		1F5A52432146A148007D039C /* UIColor-Extension.swift */ = {isa = PBXFileReference; lastKnownFileType = sourcecode.swift; path = "UIColor-Extension.swift"; sourceTree = "<group>"; };
		F93994F9213EBDFF00C02CA4 /* Base */ = {isa = PBXFileReference; lastKnownFileType = file.storyboard; name = Base; path = Base.lproj/Main.storyboard; sourceTree = "<group>"; };
		F939950A213EC2B900C02CA4 /* HomeViewController.swift */ = {isa = PBXFileReference; lastKnownFileType = sourcecode.swift; path = HomeViewController.swift; sourceTree = "<group>"; };
		F939950F213EC9EC00C02CA4 /* UIBarButtonItem-Extension.swift */ = {isa = PBXFileReference; lastKnownFileType = sourcecode.swift; path = "UIBarButtonItem-Extension.swift"; sourceTree = "<group>"; };
		F93995112140235700C02CA4 /* PageTitleView.swift */ = {isa = PBXFileReference; lastKnownFileType = sourcecode.swift; path = PageTitleView.swift; sourceTree = "<group>"; };
		F9399513214026F000C02CA4 /* Constant-UI.swift */ = {isa = PBXFileReference; lastKnownFileType = sourcecode.swift; path = "Constant-UI.swift"; sourceTree = "<group>"; };
		F9CA46A4210F4C5A00D8AEA7 /* DouYu.app */ = {isa = PBXFileReference; explicitFileType = wrapper.application; includeInIndex = 0; path = DouYu.app; sourceTree = BUILT_PRODUCTS_DIR; };
		F9CA46A7210F4C5A00D8AEA7 /* AppDelegate.swift */ = {isa = PBXFileReference; lastKnownFileType = sourcecode.swift; path = AppDelegate.swift; sourceTree = "<group>"; };
		F9CA46AE210F4C5D00D8AEA7 /* Assets.xcassets */ = {isa = PBXFileReference; lastKnownFileType = folder.assetcatalog; path = Assets.xcassets; sourceTree = "<group>"; };
		F9CA46B1210F4C5D00D8AEA7 /* Base */ = {isa = PBXFileReference; lastKnownFileType = file.storyboard; name = Base; path = Base.lproj/LaunchScreen.storyboard; sourceTree = "<group>"; };
		F9CA46B3210F4C5D00D8AEA7 /* Info.plist */ = {isa = PBXFileReference; lastKnownFileType = text.plist.xml; path = Info.plist; sourceTree = "<group>"; };
		F9CA46B8210F4C5D00D8AEA7 /* DouYuTests.xctest */ = {isa = PBXFileReference; explicitFileType = wrapper.cfbundle; includeInIndex = 0; path = DouYuTests.xctest; sourceTree = BUILT_PRODUCTS_DIR; };
		F9CA46BC210F4C5D00D8AEA7 /* DouYuTests.swift */ = {isa = PBXFileReference; lastKnownFileType = sourcecode.swift; path = DouYuTests.swift; sourceTree = "<group>"; };
		F9CA46BE210F4C5D00D8AEA7 /* Info.plist */ = {isa = PBXFileReference; lastKnownFileType = text.plist.xml; path = Info.plist; sourceTree = "<group>"; };
		F9CA46C3210F4C5D00D8AEA7 /* DouYuUITests.xctest */ = {isa = PBXFileReference; explicitFileType = wrapper.cfbundle; includeInIndex = 0; path = DouYuUITests.xctest; sourceTree = BUILT_PRODUCTS_DIR; };
		F9CA46C7210F4C5D00D8AEA7 /* DouYuUITests.swift */ = {isa = PBXFileReference; lastKnownFileType = sourcecode.swift; path = DouYuUITests.swift; sourceTree = "<group>"; };
		F9CA46C9210F4C5D00D8AEA7 /* Info.plist */ = {isa = PBXFileReference; lastKnownFileType = text.plist.xml; path = Info.plist; sourceTree = "<group>"; };
		F9CA46DC210F5E9700D8AEA7 /* Home.storyboard */ = {isa = PBXFileReference; fileEncoding = 4; lastKnownFileType = file.storyboard; path = Home.storyboard; sourceTree = "<group>"; };
		F9CA46DE210F5EC600D8AEA7 /* Live.storyboard */ = {isa = PBXFileReference; fileEncoding = 4; lastKnownFileType = file.storyboard; path = Live.storyboard; sourceTree = "<group>"; };
		F9CA46E0210F5F0C00D8AEA7 /* Follow.storyboard */ = {isa = PBXFileReference; fileEncoding = 4; lastKnownFileType = file.storyboard; path = Follow.storyboard; sourceTree = "<group>"; };
		F9CA46E2210F5F3800D8AEA7 /* Profile.storyboard */ = {isa = PBXFileReference; fileEncoding = 4; lastKnownFileType = file.storyboard; path = Profile.storyboard; sourceTree = "<group>"; };
		F9CA46E4210F608100D8AEA7 /* MainViewController.swift */ = {isa = PBXFileReference; lastKnownFileType = sourcecode.swift; path = MainViewController.swift; sourceTree = "<group>"; };
/* End PBXFileReference section */

/* Begin PBXFrameworksBuildPhase section */
		F9CA46A1210F4C5A00D8AEA7 /* Frameworks */ = {
			isa = PBXFrameworksBuildPhase;
			buildActionMask = 2147483647;
			files = (
			);
			runOnlyForDeploymentPostprocessing = 0;
		};
		F9CA46B5210F4C5D00D8AEA7 /* Frameworks */ = {
			isa = PBXFrameworksBuildPhase;
			buildActionMask = 2147483647;
			files = (
			);
			runOnlyForDeploymentPostprocessing = 0;
		};
		F9CA46C0210F4C5D00D8AEA7 /* Frameworks */ = {
			isa = PBXFrameworksBuildPhase;
			buildActionMask = 2147483647;
			files = (
			);
			runOnlyForDeploymentPostprocessing = 0;
		};
/* End PBXFrameworksBuildPhase section */

/* Begin PBXGroup section */
		F93994FB213EC18D00C02CA4 /* Controller */ = {
			isa = PBXGroup;
			children = (
				F9CA46E0210F5F0C00D8AEA7 /* Follow.storyboard */,
			);
			path = Controller;
			sourceTree = "<group>";
		};
		F93994FC213EC18D00C02CA4 /* View */ = {
			isa = PBXGroup;
			children = (
			);
			path = View;
			sourceTree = "<group>";
		};
		F93994FD213EC18E00C02CA4 /* Model */ = {
			isa = PBXGroup;
			children = (
			);
			path = Model;
			sourceTree = "<group>";
		};
		F93994FE213EC19900C02CA4 /* Controller */ = {
			isa = PBXGroup;
			children = (
				F9CA46DC210F5E9700D8AEA7 /* Home.storyboard */,
				F939950A213EC2B900C02CA4 /* HomeViewController.swift */,
			);
			path = Controller;
			sourceTree = "<group>";
		};
		F93994FF213EC19900C02CA4 /* Model */ = {
			isa = PBXGroup;
			children = (
			);
			path = Model;
			sourceTree = "<group>";
		};
		F9399500213EC19900C02CA4 /* View */ = {
			isa = PBXGroup;
			children = (
			);
			path = View;
			sourceTree = "<group>";
		};
		F9399501213EC1A900C02CA4 /* Controller */ = {
			isa = PBXGroup;
			children = (
				F9CA46DE210F5EC600D8AEA7 /* Live.storyboard */,
			);
			path = Controller;
			sourceTree = "<group>";
		};
		F9399502213EC1A900C02CA4 /* Model */ = {
			isa = PBXGroup;
			children = (
			);
			path = Model;
			sourceTree = "<group>";
		};
		F9399503213EC1A900C02CA4 /* View */ = {
			isa = PBXGroup;
			children = (
			);
			path = View;
			sourceTree = "<group>";
		};
		F9399504213EC1B600C02CA4 /* Model */ = {
			isa = PBXGroup;
			children = (
				F9399513214026F000C02CA4 /* Constant-UI.swift */,
			);
			path = Model;
			sourceTree = "<group>";
		};
		F9399505213EC1B600C02CA4 /* Controller */ = {
			isa = PBXGroup;
			children = (
				F93994F8213EBDFF00C02CA4 /* Main.storyboard */,
				F9CA46E4210F608100D8AEA7 /* MainViewController.swift */,
			);
			path = Controller;
			sourceTree = "<group>";
		};
		F9399506213EC1B600C02CA4 /* View */ = {
			isa = PBXGroup;
			children = (
				F93995112140235700C02CA4 /* PageTitleView.swift */,
				1F5A524121469E92007D039C /* PageContentView.swift */,
			);
			path = View;
			sourceTree = "<group>";
		};
		F9399507213EC1BE00C02CA4 /* Controller */ = {
			isa = PBXGroup;
			children = (
				F9CA46E2210F5F3800D8AEA7 /* Profile.storyboard */,
			);
			path = Controller;
			sourceTree = "<group>";
		};
		F9399508213EC1BF00C02CA4 /* View */ = {
			isa = PBXGroup;
			children = (
			);
			path = View;
			sourceTree = "<group>";
		};
		F9399509213EC1BF00C02CA4 /* Model */ = {
			isa = PBXGroup;
			children = (
			);
			path = Model;
			sourceTree = "<group>";
		};
		F939950C213EC94F00C02CA4 /* Extension */ = {
			isa = PBXGroup;
			children = (
				F939950F213EC9EC00C02CA4 /* UIBarButtonItem-Extension.swift */,
				1F5A52432146A148007D039C /* UIColor-Extension.swift */,
			);
			path = Extension;
			sourceTree = "<group>";
		};
		F9CA469B210F4C5A00D8AEA7 = {
			isa = PBXGroup;
			children = (
				F9CA46A6210F4C5A00D8AEA7 /* DouYu */,
				F9CA46BB210F4C5D00D8AEA7 /* DouYuTests */,
				F9CA46C6210F4C5D00D8AEA7 /* DouYuUITests */,
				F9CA46A5210F4C5A00D8AEA7 /* Products */,
			);
			sourceTree = "<group>";
		};
		F9CA46A5210F4C5A00D8AEA7 /* Products */ = {
			isa = PBXGroup;
			children = (
				F9CA46A4210F4C5A00D8AEA7 /* DouYu.app */,
				F9CA46B8210F4C5D00D8AEA7 /* DouYuTests.xctest */,
				F9CA46C3210F4C5D00D8AEA7 /* DouYuUITests.xctest */,
			);
			name = Products;
			sourceTree = "<group>";
		};
		F9CA46A6210F4C5A00D8AEA7 /* DouYu */ = {
			isa = PBXGroup;
			children = (
				F9CA46D5210F55CE00D8AEA7 /* Classes */,
				F9CA46A7210F4C5A00D8AEA7 /* AppDelegate.swift */,
				F9CA46AE210F4C5D00D8AEA7 /* Assets.xcassets */,
				F9CA46B0210F4C5D00D8AEA7 /* LaunchScreen.storyboard */,
				F9CA46B3210F4C5D00D8AEA7 /* Info.plist */,
			);
			path = DouYu;
			sourceTree = "<group>";
		};
		F9CA46BB210F4C5D00D8AEA7 /* DouYuTests */ = {
			isa = PBXGroup;
			children = (
				F9CA46BC210F4C5D00D8AEA7 /* DouYuTests.swift */,
				F9CA46BE210F4C5D00D8AEA7 /* Info.plist */,
			);
			path = DouYuTests;
			sourceTree = "<group>";
		};
		F9CA46C6210F4C5D00D8AEA7 /* DouYuUITests */ = {
			isa = PBXGroup;
			children = (
				F9CA46C7210F4C5D00D8AEA7 /* DouYuUITests.swift */,
				F9CA46C9210F4C5D00D8AEA7 /* Info.plist */,
			);
			path = DouYuUITests;
			sourceTree = "<group>";
		};
		F9CA46D5210F55CE00D8AEA7 /* Classes */ = {
			isa = PBXGroup;
			children = (
				F9CA46D6210F55CE00D8AEA7 /* Follow */,
				F9CA46D7210F55CE00D8AEA7 /* Home */,
				F9CA46D8210F55CE00D8AEA7 /* Live */,
				F9CA46D9210F55CE00D8AEA7 /* Main */,
				F9CA46DA210F55CE00D8AEA7 /* Profile */,
				F9CA46DB210F55CE00D8AEA7 /* Tools */,
			);
			path = Classes;
			sourceTree = "<group>";
		};
		F9CA46D6210F55CE00D8AEA7 /* Follow */ = {
			isa = PBXGroup;
			children = (
				F93994FB213EC18D00C02CA4 /* Controller */,
				F93994FD213EC18E00C02CA4 /* Model */,
				F93994FC213EC18D00C02CA4 /* View */,
			);
			path = Follow;
			sourceTree = "<group>";
		};
		F9CA46D7210F55CE00D8AEA7 /* Home */ = {
			isa = PBXGroup;
			children = (
				F93994FE213EC19900C02CA4 /* Controller */,
				F93994FF213EC19900C02CA4 /* Model */,
				F9399500213EC19900C02CA4 /* View */,
			);
			path = Home;
			sourceTree = "<group>";
		};
		F9CA46D8210F55CE00D8AEA7 /* Live */ = {
			isa = PBXGroup;
			children = (
				F9399501213EC1A900C02CA4 /* Controller */,
				F9399502213EC1A900C02CA4 /* Model */,
				F9399503213EC1A900C02CA4 /* View */,
			);
			path = Live;
			sourceTree = "<group>";
		};
		F9CA46D9210F55CE00D8AEA7 /* Main */ = {
			isa = PBXGroup;
			children = (
				F9399505213EC1B600C02CA4 /* Controller */,
				F9399504213EC1B600C02CA4 /* Model */,
				F9399506213EC1B600C02CA4 /* View */,
			);
			path = Main;
			sourceTree = "<group>";
		};
		F9CA46DA210F55CE00D8AEA7 /* Profile */ = {
			isa = PBXGroup;
			children = (
				F9399507213EC1BE00C02CA4 /* Controller */,
				F9399509213EC1BF00C02CA4 /* Model */,
				F9399508213EC1BF00C02CA4 /* View */,
			);
			path = Profile;
			sourceTree = "<group>";
		};
		F9CA46DB210F55CE00D8AEA7 /* Tools */ = {
			isa = PBXGroup;
			children = (
				F939950C213EC94F00C02CA4 /* Extension */,
			);
			path = Tools;
			sourceTree = "<group>";
		};
/* End PBXGroup section */

/* Begin PBXNativeTarget section */
		F9CA46A3210F4C5A00D8AEA7 /* DouYu */ = {
			isa = PBXNativeTarget;
			buildConfigurationList = F9CA46CC210F4C5D00D8AEA7 /* Build configuration list for PBXNativeTarget "DouYu" */;
			buildPhases = (
				F9CA46A0210F4C5A00D8AEA7 /* Sources */,
				F9CA46A1210F4C5A00D8AEA7 /* Frameworks */,
				F9CA46A2210F4C5A00D8AEA7 /* Resources */,
			);
			buildRules = (
			);
			dependencies = (
			);
			name = DouYu;
			productName = DouYu;
			productReference = F9CA46A4210F4C5A00D8AEA7 /* DouYu.app */;
			productType = "com.apple.product-type.application";
		};
		F9CA46B7210F4C5D00D8AEA7 /* DouYuTests */ = {
			isa = PBXNativeTarget;
			buildConfigurationList = F9CA46CF210F4C5D00D8AEA7 /* Build configuration list for PBXNativeTarget "DouYuTests" */;
			buildPhases = (
				F9CA46B4210F4C5D00D8AEA7 /* Sources */,
				F9CA46B5210F4C5D00D8AEA7 /* Frameworks */,
				F9CA46B6210F4C5D00D8AEA7 /* Resources */,
			);
			buildRules = (
			);
			dependencies = (
				F9CA46BA210F4C5D00D8AEA7 /* PBXTargetDependency */,
			);
			name = DouYuTests;
			productName = DouYuTests;
			productReference = F9CA46B8210F4C5D00D8AEA7 /* DouYuTests.xctest */;
			productType = "com.apple.product-type.bundle.unit-test";
		};
		F9CA46C2210F4C5D00D8AEA7 /* DouYuUITests */ = {
			isa = PBXNativeTarget;
			buildConfigurationList = F9CA46D2210F4C5D00D8AEA7 /* Build configuration list for PBXNativeTarget "DouYuUITests" */;
			buildPhases = (
				F9CA46BF210F4C5D00D8AEA7 /* Sources */,
				F9CA46C0210F4C5D00D8AEA7 /* Frameworks */,
				F9CA46C1210F4C5D00D8AEA7 /* Resources */,
			);
			buildRules = (
			);
			dependencies = (
				F9CA46C5210F4C5D00D8AEA7 /* PBXTargetDependency */,
			);
			name = DouYuUITests;
			productName = DouYuUITests;
			productReference = F9CA46C3210F4C5D00D8AEA7 /* DouYuUITests.xctest */;
			productType = "com.apple.product-type.bundle.ui-testing";
		};
/* End PBXNativeTarget section */

/* Begin PBXProject section */
		F9CA469C210F4C5A00D8AEA7 /* Project object */ = {
			isa = PBXProject;
			attributes = {
				LastSwiftUpdateCheck = 0940;
				LastUpgradeCheck = 0940;
				ORGANIZATIONNAME = "肖仲文";
				TargetAttributes = {
					F9CA46A3210F4C5A00D8AEA7 = {
						CreatedOnToolsVersion = 9.4.1;
					};
					F9CA46B7210F4C5D00D8AEA7 = {
						CreatedOnToolsVersion = 9.4.1;
						TestTargetID = F9CA46A3210F4C5A00D8AEA7;
					};
					F9CA46C2210F4C5D00D8AEA7 = {
						CreatedOnToolsVersion = 9.4.1;
						TestTargetID = F9CA46A3210F4C5A00D8AEA7;
					};
				};
			};
			buildConfigurationList = F9CA469F210F4C5A00D8AEA7 /* Build configuration list for PBXProject "DouYu" */;
			compatibilityVersion = "Xcode 9.3";
			developmentRegion = en;
			hasScannedForEncodings = 0;
			knownRegions = (
				en,
				Base,
			);
			mainGroup = F9CA469B210F4C5A00D8AEA7;
			productRefGroup = F9CA46A5210F4C5A00D8AEA7 /* Products */;
			projectDirPath = "";
			projectRoot = "";
			targets = (
				F9CA46A3210F4C5A00D8AEA7 /* DouYu */,
				F9CA46B7210F4C5D00D8AEA7 /* DouYuTests */,
				F9CA46C2210F4C5D00D8AEA7 /* DouYuUITests */,
			);
		};
/* End PBXProject section */

/* Begin PBXResourcesBuildPhase section */
		F9CA46A2210F4C5A00D8AEA7 /* Resources */ = {
			isa = PBXResourcesBuildPhase;
			buildActionMask = 2147483647;
			files = (
				F93994FA213EBE0000C02CA4 /* Main.storyboard in Resources */,
				F9CA46B2210F4C5D00D8AEA7 /* LaunchScreen.storyboard in Resources */,
				F9CA46DF210F5EC600D8AEA7 /* Live.storyboard in Resources */,
				F9CA46AF210F4C5D00D8AEA7 /* Assets.xcassets in Resources */,
				F9CA46DD210F5E9700D8AEA7 /* Home.storyboard in Resources */,
				F9CA46E3210F5F3800D8AEA7 /* Profile.storyboard in Resources */,
				F9CA46E1210F5F0C00D8AEA7 /* Follow.storyboard in Resources */,
			);
			runOnlyForDeploymentPostprocessing = 0;
		};
		F9CA46B6210F4C5D00D8AEA7 /* Resources */ = {
			isa = PBXResourcesBuildPhase;
			buildActionMask = 2147483647;
			files = (
			);
			runOnlyForDeploymentPostprocessing = 0;
		};
		F9CA46C1210F4C5D00D8AEA7 /* Resources */ = {
			isa = PBXResourcesBuildPhase;
			buildActionMask = 2147483647;
			files = (
			);
			runOnlyForDeploymentPostprocessing = 0;
		};
/* End PBXResourcesBuildPhase section */

/* Begin PBXSourcesBuildPhase section */
		F9CA46A0210F4C5A00D8AEA7 /* Sources */ = {
			isa = PBXSourcesBuildPhase;
			buildActionMask = 2147483647;
			files = (
				F9CA46A8210F4C5A00D8AEA7 /* AppDelegate.swift in Sources */,
				1F5A52442146A148007D039C /* UIColor-Extension.swift in Sources */,
				F9CA46E5210F608100D8AEA7 /* MainViewController.swift in Sources */,
				F93995122140235700C02CA4 /* PageTitleView.swift in Sources */,
				1F5A524221469E92007D039C /* PageContentView.swift in Sources */,
				F9399514214026F000C02CA4 /* Constant-UI.swift in Sources */,
				F9399510213EC9EC00C02CA4 /* UIBarButtonItem-Extension.swift in Sources */,
				F939950B213EC2B900C02CA4 /* HomeViewController.swift in Sources */,
			);
			runOnlyForDeploymentPostprocessing = 0;
		};
		F9CA46B4210F4C5D00D8AEA7 /* Sources */ = {
			isa = PBXSourcesBuildPhase;
			buildActionMask = 2147483647;
			files = (
				F9CA46BD210F4C5D00D8AEA7 /* DouYuTests.swift in Sources */,
			);
			runOnlyForDeploymentPostprocessing = 0;
		};
		F9CA46BF210F4C5D00D8AEA7 /* Sources */ = {
			isa = PBXSourcesBuildPhase;
			buildActionMask = 2147483647;
			files = (
				F9CA46C8210F4C5D00D8AEA7 /* DouYuUITests.swift in Sources */,
			);
			runOnlyForDeploymentPostprocessing = 0;
		};
/* End PBXSourcesBuildPhase section */

/* Begin PBXTargetDependency section */
		F9CA46BA210F4C5D00D8AEA7 /* PBXTargetDependency */ = {
			isa = PBXTargetDependency;
			target = F9CA46A3210F4C5A00D8AEA7 /* DouYu */;
			targetProxy = F9CA46B9210F4C5D00D8AEA7 /* PBXContainerItemProxy */;
		};
		F9CA46C5210F4C5D00D8AEA7 /* PBXTargetDependency */ = {
			isa = PBXTargetDependency;
			target = F9CA46A3210F4C5A00D8AEA7 /* DouYu */;
			targetProxy = F9CA46C4210F4C5D00D8AEA7 /* PBXContainerItemProxy */;
		};
/* End PBXTargetDependency section */

/* Begin PBXVariantGroup section */
		F93994F8213EBDFF00C02CA4 /* Main.storyboard */ = {
			isa = PBXVariantGroup;
			children = (
				F93994F9213EBDFF00C02CA4 /* Base */,
			);
			name = Main.storyboard;
			sourceTree = "<group>";
		};
		F9CA46B0210F4C5D00D8AEA7 /* LaunchScreen.storyboard */ = {
			isa = PBXVariantGroup;
			children = (
				F9CA46B1210F4C5D00D8AEA7 /* Base */,
			);
			name = LaunchScreen.storyboard;
			sourceTree = "<group>";
		};
/* End PBXVariantGroup section */

/* Begin XCBuildConfiguration section */
		F9CA46CA210F4C5D00D8AEA7 /* Debug */ = {
			isa = XCBuildConfiguration;
			buildSettings = {
				ALWAYS_SEARCH_USER_PATHS = NO;
				CLANG_ANALYZER_NONNULL = YES;
				CLANG_ANALYZER_NUMBER_OBJECT_CONVERSION = YES_AGGRESSIVE;
				CLANG_CXX_LANGUAGE_STANDARD = "gnu++14";
				CLANG_CXX_LIBRARY = "libc++";
				CLANG_ENABLE_MODULES = YES;
				CLANG_ENABLE_OBJC_ARC = YES;
				CLANG_ENABLE_OBJC_WEAK = YES;
				CLANG_WARN_BLOCK_CAPTURE_AUTORELEASING = YES;
				CLANG_WARN_BOOL_CONVERSION = YES;
				CLANG_WARN_COMMA = YES;
				CLANG_WARN_CONSTANT_CONVERSION = YES;
				CLANG_WARN_DEPRECATED_OBJC_IMPLEMENTATIONS = YES;
				CLANG_WARN_DIRECT_OBJC_ISA_USAGE = YES_ERROR;
				CLANG_WARN_DOCUMENTATION_COMMENTS = YES;
				CLANG_WARN_EMPTY_BODY = YES;
				CLANG_WARN_ENUM_CONVERSION = YES;
				CLANG_WARN_INFINITE_RECURSION = YES;
				CLANG_WARN_INT_CONVERSION = YES;
				CLANG_WARN_NON_LITERAL_NULL_CONVERSION = YES;
				CLANG_WARN_OBJC_IMPLICIT_RETAIN_SELF = YES;
				CLANG_WARN_OBJC_LITERAL_CONVERSION = YES;
				CLANG_WARN_OBJC_ROOT_CLASS = YES_ERROR;
				CLANG_WARN_RANGE_LOOP_ANALYSIS = YES;
				CLANG_WARN_STRICT_PROTOTYPES = YES;
				CLANG_WARN_SUSPICIOUS_MOVE = YES;
				CLANG_WARN_UNGUARDED_AVAILABILITY = YES_AGGRESSIVE;
				CLANG_WARN_UNREACHABLE_CODE = YES;
				CLANG_WARN__DUPLICATE_METHOD_MATCH = YES;
				CODE_SIGN_IDENTITY = "iPhone Developer";
				COPY_PHASE_STRIP = NO;
				DEBUG_INFORMATION_FORMAT = dwarf;
				ENABLE_STRICT_OBJC_MSGSEND = YES;
				ENABLE_TESTABILITY = YES;
				GCC_C_LANGUAGE_STANDARD = gnu11;
				GCC_DYNAMIC_NO_PIC = NO;
				GCC_NO_COMMON_BLOCKS = YES;
				GCC_OPTIMIZATION_LEVEL = 0;
				GCC_PREPROCESSOR_DEFINITIONS = (
					"DEBUG=1",
					"$(inherited)",
				);
				GCC_WARN_64_TO_32_BIT_CONVERSION = YES;
				GCC_WARN_ABOUT_RETURN_TYPE = YES_ERROR;
				GCC_WARN_UNDECLARED_SELECTOR = YES;
				GCC_WARN_UNINITIALIZED_AUTOS = YES_AGGRESSIVE;
				GCC_WARN_UNUSED_FUNCTION = YES;
				GCC_WARN_UNUSED_VARIABLE = YES;
				IPHONEOS_DEPLOYMENT_TARGET = 11.4;
				MTL_ENABLE_DEBUG_INFO = YES;
				ONLY_ACTIVE_ARCH = YES;
				SDKROOT = iphoneos;
				SWIFT_ACTIVE_COMPILATION_CONDITIONS = DEBUG;
				SWIFT_OPTIMIZATION_LEVEL = "-Onone";
			};
			name = Debug;
		};
		F9CA46CB210F4C5D00D8AEA7 /* Release */ = {
			isa = XCBuildConfiguration;
			buildSettings = {
				ALWAYS_SEARCH_USER_PATHS = NO;
				CLANG_ANALYZER_NONNULL = YES;
				CLANG_ANALYZER_NUMBER_OBJECT_CONVERSION = YES_AGGRESSIVE;
				CLANG_CXX_LANGUAGE_STANDARD = "gnu++14";
				CLANG_CXX_LIBRARY = "libc++";
				CLANG_ENABLE_MODULES = YES;
				CLANG_ENABLE_OBJC_ARC = YES;
				CLANG_ENABLE_OBJC_WEAK = YES;
				CLANG_WARN_BLOCK_CAPTURE_AUTORELEASING = YES;
				CLANG_WARN_BOOL_CONVERSION = YES;
				CLANG_WARN_COMMA = YES;
				CLANG_WARN_CONSTANT_CONVERSION = YES;
				CLANG_WARN_DEPRECATED_OBJC_IMPLEMENTATIONS = YES;
				CLANG_WARN_DIRECT_OBJC_ISA_USAGE = YES_ERROR;
				CLANG_WARN_DOCUMENTATION_COMMENTS = YES;
				CLANG_WARN_EMPTY_BODY = YES;
				CLANG_WARN_ENUM_CONVERSION = YES;
				CLANG_WARN_INFINITE_RECURSION = YES;
				CLANG_WARN_INT_CONVERSION = YES;
				CLANG_WARN_NON_LITERAL_NULL_CONVERSION = YES;
				CLANG_WARN_OBJC_IMPLICIT_RETAIN_SELF = YES;
				CLANG_WARN_OBJC_LITERAL_CONVERSION = YES;
				CLANG_WARN_OBJC_ROOT_CLASS = YES_ERROR;
				CLANG_WARN_RANGE_LOOP_ANALYSIS = YES;
				CLANG_WARN_STRICT_PROTOTYPES = YES;
				CLANG_WARN_SUSPICIOUS_MOVE = YES;
				CLANG_WARN_UNGUARDED_AVAILABILITY = YES_AGGRESSIVE;
				CLANG_WARN_UNREACHABLE_CODE = YES;
				CLANG_WARN__DUPLICATE_METHOD_MATCH = YES;
				CODE_SIGN_IDENTITY = "iPhone Developer";
				COPY_PHASE_STRIP = NO;
				DEBUG_INFORMATION_FORMAT = "dwarf-with-dsym";
				ENABLE_NS_ASSERTIONS = NO;
				ENABLE_STRICT_OBJC_MSGSEND = YES;
				GCC_C_LANGUAGE_STANDARD = gnu11;
				GCC_NO_COMMON_BLOCKS = YES;
				GCC_WARN_64_TO_32_BIT_CONVERSION = YES;
				GCC_WARN_ABOUT_RETURN_TYPE = YES_ERROR;
				GCC_WARN_UNDECLARED_SELECTOR = YES;
				GCC_WARN_UNINITIALIZED_AUTOS = YES_AGGRESSIVE;
				GCC_WARN_UNUSED_FUNCTION = YES;
				GCC_WARN_UNUSED_VARIABLE = YES;
				IPHONEOS_DEPLOYMENT_TARGET = 11.4;
				MTL_ENABLE_DEBUG_INFO = NO;
				SDKROOT = iphoneos;
				SWIFT_COMPILATION_MODE = wholemodule;
				SWIFT_OPTIMIZATION_LEVEL = "-O";
				VALIDATE_PRODUCT = YES;
			};
			name = Release;
		};
		F9CA46CD210F4C5D00D8AEA7 /* Debug */ = {
			isa = XCBuildConfiguration;
			buildSettings = {
				ASSETCATALOG_COMPILER_APPICON_NAME = AppIcon;
				ASSETCATALOG_COMPILER_LAUNCHIMAGE_NAME = "Brand Assets";
				CODE_SIGN_STYLE = Automatic;
				DEVELOPMENT_TEAM = 3YJ9KM5KAS;
				INFOPLIST_FILE = DouYu/Info.plist;
				IPHONEOS_DEPLOYMENT_TARGET = 8.0;
				LD_RUNPATH_SEARCH_PATHS = (
					"$(inherited)",
					"@executable_path/Frameworks",
				);
				PRODUCT_BUNDLE_IDENTIFIER = com.mye.DouYu;
				PRODUCT_NAME = "$(TARGET_NAME)";
				SWIFT_VERSION = 4.0;
				TARGETED_DEVICE_FAMILY = 1;
			};
			name = Debug;
		};
		F9CA46CE210F4C5D00D8AEA7 /* Release */ = {
			isa = XCBuildConfiguration;
			buildSettings = {
				ASSETCATALOG_COMPILER_APPICON_NAME = AppIcon;
				ASSETCATALOG_COMPILER_LAUNCHIMAGE_NAME = "Brand Assets";
				CODE_SIGN_STYLE = Automatic;
				DEVELOPMENT_TEAM = 3YJ9KM5KAS;
				INFOPLIST_FILE = DouYu/Info.plist;
				IPHONEOS_DEPLOYMENT_TARGET = 8.0;
				LD_RUNPATH_SEARCH_PATHS = (
					"$(inherited)",
					"@executable_path/Frameworks",
				);
				PRODUCT_BUNDLE_IDENTIFIER = com.mye.DouYu;
				PRODUCT_NAME = "$(TARGET_NAME)";
				SWIFT_VERSION = 4.0;
				TARGETED_DEVICE_FAMILY = 1;
			};
			name = Release;
		};
		F9CA46D0210F4C5D00D8AEA7 /* Debug */ = {
			isa = XCBuildConfiguration;
			buildSettings = {
				ALWAYS_EMBED_SWIFT_STANDARD_LIBRARIES = YES;
				BUNDLE_LOADER = "$(TEST_HOST)";
				CODE_SIGN_STYLE = Automatic;
				DEVELOPMENT_TEAM = 3YJ9KM5KAS;
				INFOPLIST_FILE = DouYuTests/Info.plist;
				LD_RUNPATH_SEARCH_PATHS = (
					"$(inherited)",
					"@executable_path/Frameworks",
					"@loader_path/Frameworks",
				);
				PRODUCT_BUNDLE_IDENTIFIER = com.mye.DouYuTests;
				PRODUCT_NAME = "$(TARGET_NAME)";
				SWIFT_VERSION = 4.0;
				TARGETED_DEVICE_FAMILY = "1,2";
				TEST_HOST = "$(BUILT_PRODUCTS_DIR)/DouYu.app/DouYu";
			};
			name = Debug;
		};
		F9CA46D1210F4C5D00D8AEA7 /* Release */ = {
			isa = XCBuildConfiguration;
			buildSettings = {
				ALWAYS_EMBED_SWIFT_STANDARD_LIBRARIES = YES;
				BUNDLE_LOADER = "$(TEST_HOST)";
				CODE_SIGN_STYLE = Automatic;
				DEVELOPMENT_TEAM = 3YJ9KM5KAS;
				INFOPLIST_FILE = DouYuTests/Info.plist;
				LD_RUNPATH_SEARCH_PATHS = (
					"$(inherited)",
					"@executable_path/Frameworks",
					"@loader_path/Frameworks",
				);
				PRODUCT_BUNDLE_IDENTIFIER = com.mye.DouYuTests;
				PRODUCT_NAME = "$(TARGET_NAME)";
				SWIFT_VERSION = 4.0;
				TARGETED_DEVICE_FAMILY = "1,2";
				TEST_HOST = "$(BUILT_PRODUCTS_DIR)/DouYu.app/DouYu";
			};
			name = Release;
		};
		F9CA46D3210F4C5D00D8AEA7 /* Debug */ = {
			isa = XCBuildConfiguration;
			buildSettings = {
				ALWAYS_EMBED_SWIFT_STANDARD_LIBRARIES = YES;
				CODE_SIGN_STYLE = Automatic;
				DEVELOPMENT_TEAM = 3YJ9KM5KAS;
				INFOPLIST_FILE = DouYuUITests/Info.plist;
				LD_RUNPATH_SEARCH_PATHS = (
					"$(inherited)",
					"@executable_path/Frameworks",
					"@loader_path/Frameworks",
				);
				PRODUCT_BUNDLE_IDENTIFIER = com.mye.DouYuUITests;
				PRODUCT_NAME = "$(TARGET_NAME)";
				SWIFT_VERSION = 4.0;
				TARGETED_DEVICE_FAMILY = "1,2";
				TEST_TARGET_NAME = DouYu;
			};
			name = Debug;
		};
		F9CA46D4210F4C5D00D8AEA7 /* Release */ = {
			isa = XCBuildConfiguration;
			buildSettings = {
				ALWAYS_EMBED_SWIFT_STANDARD_LIBRARIES = YES;
				CODE_SIGN_STYLE = Automatic;
				DEVELOPMENT_TEAM = 3YJ9KM5KAS;
				INFOPLIST_FILE = DouYuUITests/Info.plist;
				LD_RUNPATH_SEARCH_PATHS = (
					"$(inherited)",
					"@executable_path/Frameworks",
					"@loader_path/Frameworks",
				);
				PRODUCT_BUNDLE_IDENTIFIER = com.mye.DouYuUITests;
				PRODUCT_NAME = "$(TARGET_NAME)";
				SWIFT_VERSION = 4.0;
				TARGETED_DEVICE_FAMILY = "1,2";
				TEST_TARGET_NAME = DouYu;
			};
			name = Release;
		};
/* End XCBuildConfiguration section */

/* Begin XCConfigurationList section */
		F9CA469F210F4C5A00D8AEA7 /* Build configuration list for PBXProject "DouYu" */ = {
			isa = XCConfigurationList;
			buildConfigurations = (
				F9CA46CA210F4C5D00D8AEA7 /* Debug */,
				F9CA46CB210F4C5D00D8AEA7 /* Release */,
			);
			defaultConfigurationIsVisible = 0;
			defaultConfigurationName = Release;
		};
		F9CA46CC210F4C5D00D8AEA7 /* Build configuration list for PBXNativeTarget "DouYu" */ = {
			isa = XCConfigurationList;
			buildConfigurations = (
				F9CA46CD210F4C5D00D8AEA7 /* Debug */,
				F9CA46CE210F4C5D00D8AEA7 /* Release */,
			);
			defaultConfigurationIsVisible = 0;
			defaultConfigurationName = Release;
		};
		F9CA46CF210F4C5D00D8AEA7 /* Build configuration list for PBXNativeTarget "DouYuTests" */ = {
			isa = XCConfigurationList;
			buildConfigurations = (
				F9CA46D0210F4C5D00D8AEA7 /* Debug */,
				F9CA46D1210F4C5D00D8AEA7 /* Release */,
			);
			defaultConfigurationIsVisible = 0;
			defaultConfigurationName = Release;
		};
		F9CA46D2210F4C5D00D8AEA7 /* Build configuration list for PBXNativeTarget "DouYuUITests" */ = {
			isa = XCConfigurationList;
			buildConfigurations = (
				F9CA46D3210F4C5D00D8AEA7 /* Debug */,
				F9CA46D4210F4C5D00D8AEA7 /* Release */,
			);
			defaultConfigurationIsVisible = 0;
			defaultConfigurationName = Release;
		};
/* End XCConfigurationList section */
	};
	rootObject = F9CA469C210F4C5A00D8AEA7 /* Project object */;
}
